// !$*UTF8*$!
{
	archiveVersion = 1;
	classes = {
	};
	objectVersion = 56;
	objects = {

/* Begin PBXBuildFile section */
		C46B7BA72B2745D300682DEE /* Simply_MotivationApp.swift in Sources */ = {isa = PBXBuildFile; fileRef = C46B7BA62B2745D300682DEE /* Simply_MotivationApp.swift */; };
		C46B7BAB2B2745D500682DEE /* Assets.xcassets in Resources */ = {isa = PBXBuildFile; fileRef = C46B7BAA2B2745D500682DEE /* Assets.xcassets */; };
		C46B7BAE2B2745D500682DEE /* Preview Assets.xcassets in Resources */ = {isa = PBXBuildFile; fileRef = C46B7BAD2B2745D500682DEE /* Preview Assets.xcassets */; };
		C46B7BB72B27461500682DEE /* GreetingView.swift in Sources */ = {isa = PBXBuildFile; fileRef = C46B7BB62B27461400682DEE /* GreetingView.swift */; };
		C46B7BBA2B27514200682DEE /* StorageManager.swift in Sources */ = {isa = PBXBuildFile; fileRef = C46B7BB92B27514200682DEE /* StorageManager.swift */; };
		C46B7BBD2B27587300682DEE /* MotivationView.swift in Sources */ = {isa = PBXBuildFile; fileRef = C46B7BBC2B27587300682DEE /* MotivationView.swift */; };
		C46B7BBF2B27588700682DEE /* MotivationViewModel.swift in Sources */ = {isa = PBXBuildFile; fileRef = C46B7BBE2B27588700682DEE /* MotivationViewModel.swift */; };
		C46B7BC12B275E9B00682DEE /* QuoteView.swift in Sources */ = {isa = PBXBuildFile; fileRef = C46B7BC02B275E9A00682DEE /* QuoteView.swift */; };
/* End PBXBuildFile section */

/* Begin PBXFileReference section */
		C46B7BA32B2745D300682DEE /* Simply Motivation.app */ = {isa = PBXFileReference; explicitFileType = wrapper.application; includeInIndex = 0; path = "Simply Motivation.app"; sourceTree = BUILT_PRODUCTS_DIR; };
		C46B7BA62B2745D300682DEE /* Simply_MotivationApp.swift */ = {isa = PBXFileReference; lastKnownFileType = sourcecode.swift; path = Simply_MotivationApp.swift; sourceTree = "<group>"; };
		C46B7BAA2B2745D500682DEE /* Assets.xcassets */ = {isa = PBXFileReference; lastKnownFileType = folder.assetcatalog; path = Assets.xcassets; sourceTree = "<group>"; };
		C46B7BAD2B2745D500682DEE /* Preview Assets.xcassets */ = {isa = PBXFileReference; lastKnownFileType = folder.assetcatalog; path = "Preview Assets.xcassets"; sourceTree = "<group>"; };
		C46B7BB62B27461400682DEE /* GreetingView.swift */ = {isa = PBXFileReference; lastKnownFileType = sourcecode.swift; path = GreetingView.swift; sourceTree = "<group>"; };
		C46B7BB92B27514200682DEE /* StorageManager.swift */ = {isa = PBXFileReference; lastKnownFileType = sourcecode.swift; path = StorageManager.swift; sourceTree = "<group>"; };
		C46B7BBC2B27587300682DEE /* MotivationView.swift */ = {isa = PBXFileReference; lastKnownFileType = sourcecode.swift; path = MotivationView.swift; sourceTree = "<group>"; };
		C46B7BBE2B27588700682DEE /* MotivationViewModel.swift */ = {isa = PBXFileReference; lastKnownFileType = sourcecode.swift; path = MotivationViewModel.swift; sourceTree = "<group>"; };
		C46B7BC02B275E9A00682DEE /* QuoteView.swift */ = {isa = PBXFileReference; lastKnownFileType = sourcecode.swift; path = QuoteView.swift; sourceTree = "<group>"; };
/* End PBXFileReference section */

/* Begin PBXFrameworksBuildPhase section */
		C46B7BA02B2745D300682DEE /* Frameworks */ = {
			isa = PBXFrameworksBuildPhase;
			buildActionMask = 2147483647;
			files = (
			);
			runOnlyForDeploymentPostprocessing = 0;
		};
/* End PBXFrameworksBuildPhase section */

/* Begin PBXGroup section */
		C46B7B9A2B2745D300682DEE = {
			isa = PBXGroup;
			children = (
				C46B7BA52B2745D300682DEE /* Simply Motivation */,
				C46B7BA42B2745D300682DEE /* Products */,
			);
			sourceTree = "<group>";
		};
		C46B7BA42B2745D300682DEE /* Products */ = {
			isa = PBXGroup;
			children = (
				C46B7BA32B2745D300682DEE /* Simply Motivation.app */,
			);
			name = Products;
			sourceTree = "<group>";
		};
		C46B7BA52B2745D300682DEE /* Simply Motivation */ = {
			isa = PBXGroup;
			children = (
				C46B7BB82B27512D00682DEE /* Services */,
				C46B7BB52B2745FE00682DEE /* GreetingView */,
				C46B7BBB2B2757E300682DEE /* MotivationView */,
				C46B7BB42B2745E200682DEE /* App */,
				C46B7BAA2B2745D500682DEE /* Assets.xcassets */,
				C46B7BAC2B2745D500682DEE /* Preview Content */,
			);
			path = "Simply Motivation";
			sourceTree = "<group>";
		};
		C46B7BAC2B2745D500682DEE /* Preview Content */ = {
			isa = PBXGroup;
			children = (
				C46B7BAD2B2745D500682DEE /* Preview Assets.xcassets */,
			);
			path = "Preview Content";
			sourceTree = "<group>";
		};
		C46B7BB42B2745E200682DEE /* App */ = {
			isa = PBXGroup;
			children = (
				C46B7BA62B2745D300682DEE /* Simply_MotivationApp.swift */,
			);
			path = App;
			sourceTree = "<group>";
		};
		C46B7BB52B2745FE00682DEE /* GreetingView */ = {
			isa = PBXGroup;
			children = (
				C46B7BB62B27461400682DEE /* GreetingView.swift */,
			);
			path = GreetingView;
			sourceTree = "<group>";
		};
		C46B7BB82B27512D00682DEE /* Services */ = {
			isa = PBXGroup;
			children = (
				C46B7BB92B27514200682DEE /* StorageManager.swift */,
			);
			path = Services;
			sourceTree = "<group>";
		};
		C46B7BBB2B2757E300682DEE /* MotivationView */ = {
			isa = PBXGroup;
			children = (
				C46B7BBC2B27587300682DEE /* MotivationView.swift */,
				C46B7BBE2B27588700682DEE /* MotivationViewModel.swift */,
				C46B7BC02B275E9A00682DEE /* QuoteView.swift */,
			);
			path = MotivationView;
			sourceTree = "<group>";
		};
/* End PBXGroup section */

/* Begin PBXNativeTarget section */
		C46B7BA22B2745D300682DEE /* Simply Motivation */ = {
			isa = PBXNativeTarget;
			buildConfigurationList = C46B7BB12B2745D500682DEE /* Build configuration list for PBXNativeTarget "Simply Motivation" */;
			buildPhases = (
				C46B7B9F2B2745D300682DEE /* Sources */,
				C46B7BA02B2745D300682DEE /* Frameworks */,
				C46B7BA12B2745D300682DEE /* Resources */,
			);
			buildRules = (
			);
			dependencies = (
			);
			name = "Simply Motivation";
			productName = "Simply Motivation";
			productReference = C46B7BA32B2745D300682DEE /* Simply Motivation.app */;
			productType = "com.apple.product-type.application";
		};
/* End PBXNativeTarget section */

/* Begin PBXProject section */
		C46B7B9B2B2745D300682DEE /* Project object */ = {
			isa = PBXProject;
			attributes = {
				BuildIndependentTargetsInParallel = 1;
				LastSwiftUpdateCheck = 1500;
				LastUpgradeCheck = 1500;
				TargetAttributes = {
					C46B7BA22B2745D300682DEE = {
						CreatedOnToolsVersion = 15.0.1;
					};
				};
			};
			buildConfigurationList = C46B7B9E2B2745D300682DEE /* Build configuration list for PBXProject "Simply Motivation" */;
			compatibilityVersion = "Xcode 14.0";
			developmentRegion = en;
			hasScannedForEncodings = 0;
			knownRegions = (
				en,
				Base,
			);
			mainGroup = C46B7B9A2B2745D300682DEE;
			productRefGroup = C46B7BA42B2745D300682DEE /* Products */;
			projectDirPath = "";
			projectRoot = "";
			targets = (
				C46B7BA22B2745D300682DEE /* Simply Motivation */,
			);
		};
/* End PBXProject section */

/* Begin PBXResourcesBuildPhase section */
		C46B7BA12B2745D300682DEE /* Resources */ = {
			isa = PBXResourcesBuildPhase;
			buildActionMask = 2147483647;
			files = (
				C46B7BAE2B2745D500682DEE /* Preview Assets.xcassets in Resources */,
				C46B7BAB2B2745D500682DEE /* Assets.xcassets in Resources */,
			);
			runOnlyForDeploymentPostprocessing = 0;
		};
/* End PBXResourcesBuildPhase section */

/* Begin PBXSourcesBuildPhase section */
		C46B7B9F2B2745D300682DEE /* Sources */ = {
			isa = PBXSourcesBuildPhase;
			buildActionMask = 2147483647;
			files = (
				C46B7BBD2B27587300682DEE /* MotivationView.swift in Sources */,
				C46B7BC12B275E9B00682DEE /* QuoteView.swift in Sources */,
				C46B7BBA2B27514200682DEE /* StorageManager.swift in Sources */,
				C46B7BA72B2745D300682DEE /* Simply_MotivationApp.swift in Sources */,
				C46B7BBF2B27588700682DEE /* MotivationViewModel.swift in Sources */,
				C46B7BB72B27461500682DEE /* GreetingView.swift in Sources */,
			);
			runOnlyForDeploymentPostprocessing = 0;
		};
/* End PBXSourcesBuildPhase section */

/* Begin XCBuildConfiguration section */
		C46B7BAF2B2745D500682DEE /* Debug */ = {
			isa = XCBuildConfiguration;
			buildSettings = {
				ALWAYS_SEARCH_USER_PATHS = NO;
				ASSETCATALOG_COMPILER_GENERATE_SWIFT_ASSET_SYMBOL_EXTENSIONS = YES;
				CLANG_ANALYZER_NONNULL = YES;
				CLANG_ANALYZER_NUMBER_OBJECT_CONVERSION = YES_AGGRESSIVE;
				CLANG_CXX_LANGUAGE_STANDARD = "gnu++20";
				CLANG_ENABLE_MODULES = YES;
				CLANG_ENABLE_OBJC_ARC = YES;
				CLANG_ENABLE_OBJC_WEAK = YES;
				CLANG_WARN_BLOCK_CAPTURE_AUTORELEASING = YES;
				CLANG_WARN_BOOL_CONVERSION = YES;
				CLANG_WARN_COMMA = YES;
				CLANG_WARN_CONSTANT_CONVERSION = YES;
				CLANG_WARN_DEPRECATED_OBJC_IMPLEMENTATIONS = YES;
				CLANG_WARN_DIRECT_OBJC_ISA_USAGE = YES_ERROR;
				CLANG_WARN_DOCUMENTATION_COMMENTS = YES;
				CLANG_WARN_EMPTY_BODY = YES;
				CLANG_WARN_ENUM_CONVERSION = YES;
				CLANG_WARN_INFINITE_RECURSION = YES;
				CLANG_WARN_INT_CONVERSION = YES;
				CLANG_WARN_NON_LITERAL_NULL_CONVERSION = YES;
				CLANG_WARN_OBJC_IMPLICIT_RETAIN_SELF = YES;
				CLANG_WARN_OBJC_LITERAL_CONVERSION = YES;
				CLANG_WARN_OBJC_ROOT_CLASS = YES_ERROR;
				CLANG_WARN_QUOTED_INCLUDE_IN_FRAMEWORK_HEADER = YES;
				CLANG_WARN_RANGE_LOOP_ANALYSIS = YES;
				CLANG_WARN_STRICT_PROTOTYPES = YES;
				CLANG_WARN_SUSPICIOUS_MOVE = YES;
				CLANG_WARN_UNGUARDED_AVAILABILITY = YES_AGGRESSIVE;
				CLANG_WARN_UNREACHABLE_CODE = YES;
				CLANG_WARN__DUPLICATE_METHOD_MATCH = YES;
				COPY_PHASE_STRIP = NO;
				DEBUG_INFORMATION_FORMAT = dwarf;
				ENABLE_STRICT_OBJC_MSGSEND = YES;
				ENABLE_TESTABILITY = YES;
				ENABLE_USER_SCRIPT_SANDBOXING = YES;
				GCC_C_LANGUAGE_STANDARD = gnu17;
				GCC_DYNAMIC_NO_PIC = NO;
				GCC_NO_COMMON_BLOCKS = YES;
				GCC_OPTIMIZATION_LEVEL = 0;
				GCC_PREPROCESSOR_DEFINITIONS = (
					"DEBUG=1",
					"$(inherited)",
				);
				GCC_WARN_64_TO_32_BIT_CONVERSION = YES;
				GCC_WARN_ABOUT_RETURN_TYPE = YES_ERROR;
				GCC_WARN_UNDECLARED_SELECTOR = YES;
				GCC_WARN_UNINITIALIZED_AUTOS = YES_AGGRESSIVE;
				GCC_WARN_UNUSED_FUNCTION = YES;
				GCC_WARN_UNUSED_VARIABLE = YES;
				IPHONEOS_DEPLOYMENT_TARGET = 17.0;
				LOCALIZATION_PREFERS_STRING_CATALOGS = YES;
				MTL_ENABLE_DEBUG_INFO = INCLUDE_SOURCE;
				MTL_FAST_MATH = YES;
				ONLY_ACTIVE_ARCH = YES;
				SDKROOT = iphoneos;
				SWIFT_ACTIVE_COMPILATION_CONDITIONS = "DEBUG $(inherited)";
				SWIFT_OPTIMIZATION_LEVEL = "-Onone";
			};
			name = Debug;
		};
		C46B7BB02B2745D500682DEE /* Release */ = {
			isa = XCBuildConfiguration;
			buildSettings = {
				ALWAYS_SEARCH_USER_PATHS = NO;
				ASSETCATALOG_COMPILER_GENERATE_SWIFT_ASSET_SYMBOL_EXTENSIONS = YES;
				CLANG_ANALYZER_NONNULL = YES;
				CLANG_ANALYZER_NUMBER_OBJECT_CONVERSION = YES_AGGRESSIVE;
				CLANG_CXX_LANGUAGE_STANDARD = "gnu++20";
				CLANG_ENABLE_MODULES = YES;
				CLANG_ENABLE_OBJC_ARC = YES;
				CLANG_ENABLE_OBJC_WEAK = YES;
				CLANG_WARN_BLOCK_CAPTURE_AUTORELEASING = YES;
				CLANG_WARN_BOOL_CONVERSION = YES;
				CLANG_WARN_COMMA = YES;
				CLANG_WARN_CONSTANT_CONVERSION = YES;
				CLANG_WARN_DEPRECATED_OBJC_IMPLEMENTATIONS = YES;
				CLANG_WARN_DIRECT_OBJC_ISA_USAGE = YES_ERROR;
				CLANG_WARN_DOCUMENTATION_COMMENTS = YES;
				CLANG_WARN_EMPTY_BODY = YES;
				CLANG_WARN_ENUM_CONVERSION = YES;
				CLANG_WARN_INFINITE_RECURSION = YES;
				CLANG_WARN_INT_CONVERSION = YES;
				CLANG_WARN_NON_LITERAL_NULL_CONVERSION = YES;
				CLANG_WARN_OBJC_IMPLICIT_RETAIN_SELF = YES;
				CLANG_WARN_OBJC_LITERAL_CONVERSION = YES;
				CLANG_WARN_OBJC_ROOT_CLASS = YES_ERROR;
				CLANG_WARN_QUOTED_INCLUDE_IN_FRAMEWORK_HEADER = YES;
				CLANG_WARN_RANGE_LOOP_ANALYSIS = YES;
				CLANG_WARN_STRICT_PROTOTYPES = YES;
				CLANG_WARN_SUSPICIOUS_MOVE = YES;
				CLANG_WARN_UNGUARDED_AVAILABILITY = YES_AGGRESSIVE;
				CLANG_WARN_UNREACHABLE_CODE = YES;
				CLANG_WARN__DUPLICATE_METHOD_MATCH = YES;
				COPY_PHASE_STRIP = NO;
				DEBUG_INFORMATION_FORMAT = "dwarf-with-dsym";
				ENABLE_NS_ASSERTIONS = NO;
				ENABLE_STRICT_OBJC_MSGSEND = YES;
				ENABLE_USER_SCRIPT_SANDBOXING = YES;
				GCC_C_LANGUAGE_STANDARD = gnu17;
				GCC_NO_COMMON_BLOCKS = YES;
				GCC_WARN_64_TO_32_BIT_CONVERSION = YES;
				GCC_WARN_ABOUT_RETURN_TYPE = YES_ERROR;
				GCC_WARN_UNDECLARED_SELECTOR = YES;
				GCC_WARN_UNINITIALIZED_AUTOS = YES_AGGRESSIVE;
				GCC_WARN_UNUSED_FUNCTION = YES;
				GCC_WARN_UNUSED_VARIABLE = YES;
				IPHONEOS_DEPLOYMENT_TARGET = 17.0;
				LOCALIZATION_PREFERS_STRING_CATALOGS = YES;
				MTL_ENABLE_DEBUG_INFO = NO;
				MTL_FAST_MATH = YES;
				SDKROOT = iphoneos;
				SWIFT_COMPILATION_MODE = wholemodule;
				VALIDATE_PRODUCT = YES;
			};
			name = Release;
		};
		C46B7BB22B2745D500682DEE /* Debug */ = {
			isa = XCBuildConfiguration;
			buildSettings = {
				ASSETCATALOG_COMPILER_APPICON_NAME = AppIcon;
				ASSETCATALOG_COMPILER_GLOBAL_ACCENT_COLOR_NAME = AccentColor;
				CODE_SIGN_STYLE = Automatic;
				CURRENT_PROJECT_VERSION = 1;
				DEVELOPMENT_ASSET_PATHS = "\"Simply Motivation/Preview Content\"";
				DEVELOPMENT_TEAM = 7PV9N4T7V4;
				ENABLE_PREVIEWS = YES;
				GENERATE_INFOPLIST_FILE = YES;
				INFOPLIST_KEY_UIApplicationSceneManifest_Generation = YES;
				INFOPLIST_KEY_UIApplicationSupportsIndirectInputEvents = YES;
				INFOPLIST_KEY_UILaunchScreen_Generation = YES;
				INFOPLIST_KEY_UISupportedInterfaceOrientations_iPad = "UIInterfaceOrientationPortrait UIInterfaceOrientationPortraitUpsideDown UIInterfaceOrientationLandscapeLeft UIInterfaceOrientationLandscapeRight";
				INFOPLIST_KEY_UISupportedInterfaceOrientations_iPhone = "UIInterfaceOrientationPortrait UIInterfaceOrientationLandscapeLeft UIInterfaceOrientationLandscapeRight";
				LD_RUNPATH_SEARCH_PATHS = (
					"$(inherited)",
					"@executable_path/Frameworks",
				);
				MARKETING_VERSION = 1.0;
				PRODUCT_BUNDLE_IDENTIFIER = "Tim.Simply-Motivation";
				PRODUCT_NAME = "$(TARGET_NAME)";
				SWIFT_EMIT_LOC_STRINGS = YES;
				SWIFT_VERSION = 5.0;
				TARGETED_DEVICE_FAMILY = "1,2";
			};
			name = Debug;
		};
		C46B7BB32B2745D500682DEE /* Release */ = {
			isa = XCBuildConfiguration;
			buildSettings = {
				ASSETCATALOG_COMPILER_APPICON_NAME = AppIcon;
				ASSETCATALOG_COMPILER_GLOBAL_ACCENT_COLOR_NAME = AccentColor;
				CODE_SIGN_STYLE = Automatic;
				CURRENT_PROJECT_VERSION = 1;
				DEVELOPMENT_ASSET_PATHS = "\"Simply Motivation/Preview Content\"";
				DEVELOPMENT_TEAM = 7PV9N4T7V4;
				ENABLE_PREVIEWS = YES;
				GENERATE_INFOPLIST_FILE = YES;
				INFOPLIST_KEY_UIApplicationSceneManifest_Generation = YES;
				INFOPLIST_KEY_UIApplicationSupportsIndirectInputEvents = YES;
				INFOPLIST_KEY_UILaunchScreen_Generation = YES;
				INFOPLIST_KEY_UISupportedInterfaceOrientations_iPad = "UIInterfaceOrientationPortrait UIInterfaceOrientationPortraitUpsideDown UIInterfaceOrientationLandscapeLeft UIInterfaceOrientationLandscapeRight";
				INFOPLIST_KEY_UISupportedInterfaceOrientations_iPhone = "UIInterfaceOrientationPortrait UIInterfaceOrientationLandscapeLeft UIInterfaceOrientationLandscapeRight";
				LD_RUNPATH_SEARCH_PATHS = (
					"$(inherited)",
					"@executable_path/Frameworks",
				);
				MARKETING_VERSION = 1.0;
				PRODUCT_BUNDLE_IDENTIFIER = "Tim.Simply-Motivation";
				PRODUCT_NAME = "$(TARGET_NAME)";
				SWIFT_EMIT_LOC_STRINGS = YES;
				SWIFT_VERSION = 5.0;
				TARGETED_DEVICE_FAMILY = "1,2";
			};
			name = Release;
		};
/* End XCBuildConfiguration section */

/* Begin XCConfigurationList section */
		C46B7B9E2B2745D300682DEE /* Build configuration list for PBXProject "Simply Motivation" */ = {
			isa = XCConfigurationList;
			buildConfigurations = (
				C46B7BAF2B2745D500682DEE /* Debug */,
				C46B7BB02B2745D500682DEE /* Release */,
			);
			defaultConfigurationIsVisible = 0;
			defaultConfigurationName = Release;
		};
		C46B7BB12B2745D500682DEE /* Build configuration list for PBXNativeTarget "Simply Motivation" */ = {
			isa = XCConfigurationList;
			buildConfigurations = (
				C46B7BB22B2745D500682DEE /* Debug */,
				C46B7BB32B2745D500682DEE /* Release */,
			);
			defaultConfigurationIsVisible = 0;
			defaultConfigurationName = Release;
		};
/* End XCConfigurationList section */
	};
	rootObject = C46B7B9B2B2745D300682DEE /* Project object */;
}
